
Microsoft Visual Studio Solution File, Format Version 12.00
Project("{2150E333-8FDC-42A3-9474-1A3956D46DE8}") = "Services", "Services", "{1FB17A74-A7A9-4975-AA6C-142A05932DEE}"
EndProject
Project("{2150E333-8FDC-42A3-9474-1A3956D46DE8}") = "TaskManager", "TaskManager", "{0746ADBA-AF3B-4FA2-BA78-C4C475F6C6C1}"
EndProject
Project("{FAE04EC0-301F-11D3-BF4B-00C04F79EFBC}") = "TaskManager.API", "Microservices\TaskManager\TaskManager.API\TaskManager.API.csproj", "{2BDD4BD5-2674-474C-88E4-37CDE1C53491}"
EndProject
Project("{FAE04EC0-301F-11D3-BF4B-00C04F79EFBC}") = "TaskManager.DAL.Postgres", "Microservices\TaskManager\TaskManager.DAL.Postgres\TaskManager.DAL.Postgres.csproj", "{681E0004-B7E5-4208-A565-C61FB7BD02ED}"
EndProject
Project("{FAE04EC0-301F-11D3-BF4B-00C04F79EFBC}") = "TaskManager.Domain", "Microservices\TaskManager\TaskManager.Domain\TaskManager.Domain.csproj", "{BB058CC2-C785-4882-A56C-10FDEF3FA0F1}"
EndProject
Project("{FAE04EC0-301F-11D3-BF4B-00C04F79EFBC}") = "Infrustructure", "Infrustructure\Infrustructure.csproj", "{8ED0AAE2-C738-4006-ACB6-006AC8550681}"
EndProject
Project("{FAE04EC0-301F-11D3-BF4B-00C04F79EFBC}") = "TaskManager.BLL", "Microservices\TaskManager\TaskManager.BLL\TaskManager.BLL.csproj", "{554A1CF5-9E11-4CDC-95E3-55C920573532}"
EndProject
Project("{2150E333-8FDC-42A3-9474-1A3956D46DE8}") = "TaskLogger", "TaskLogger", "{E3664DB1-B781-443A-9B9D-96178C5F6E5B}"
EndProject
Project("{FAE04EC0-301F-11D3-BF4B-00C04F79EFBC}") = "TaskLogger.API", "Microservices\TaskLogger\TaskLogger.API\TaskLogger.API.csproj", "{E87ADB99-E61F-46FF-8296-6B0CE0119054}"
EndProject
Project("{FAE04EC0-301F-11D3-BF4B-00C04F79EFBC}") = "TaskLogger.DAL.MongoDB", "Microservices\TaskLogger\TaskLogger.DAL.MongoDB\TaskLogger.DAL.MongoDB.csproj", "{3D4208DF-6BA6-48BA-B598-B7340726096D}"
EndProject
Project("{FAE04EC0-301F-11D3-BF4B-00C04F79EFBC}") = "TaskLogger.BLL", "Microservices\TaskLogger\TaskLogger.BLL\TaskLogger.BLL.csproj", "{48B47B78-FF80-413B-8BE1-49DAF45C7001}"
EndProject
Project("{FAE04EC0-301F-11D3-BF4B-00C04F79EFBC}") = "Shared", "Shared\Shared.csproj", "{EE652B47-C980-466C-80BE-5B1E54CA9592}"
EndProject
Project("{FAE04EC0-301F-11D3-BF4B-00C04F79EFBC}") = "TaskLogger.Domain", "Microservices\TaskLogger\TaskLogger.Domain\TaskLogger.Domain.csproj", "{B5DF12CE-72BC-47C5-B19A-F3FE8E0E9A13}"
EndProject
Project("{FAE04EC0-301F-11D3-BF4B-00C04F79EFBC}") = "TaskManager.Tests", "Microservices\TaskManager\TaskManager.Tests\TaskManager.Tests.csproj", "{F91CD7FA-EAE0-483D-BF92-A2719FC90F09}"
EndProject
Global
	GlobalSection(SolutionConfigurationPlatforms) = preSolution
		Debug|Any CPU = Debug|Any CPU
		Release|Any CPU = Release|Any CPU
	EndGlobalSection
	GlobalSection(NestedProjects) = preSolution
		{0746ADBA-AF3B-4FA2-BA78-C4C475F6C6C1} = {1FB17A74-A7A9-4975-AA6C-142A05932DEE}
		{2BDD4BD5-2674-474C-88E4-37CDE1C53491} = {0746ADBA-AF3B-4FA2-BA78-C4C475F6C6C1}
		{681E0004-B7E5-4208-A565-C61FB7BD02ED} = {0746ADBA-AF3B-4FA2-BA78-C4C475F6C6C1}
		{BB058CC2-C785-4882-A56C-10FDEF3FA0F1} = {0746ADBA-AF3B-4FA2-BA78-C4C475F6C6C1}
		{554A1CF5-9E11-4CDC-95E3-55C920573532} = {0746ADBA-AF3B-4FA2-BA78-C4C475F6C6C1}
		{E3664DB1-B781-443A-9B9D-96178C5F6E5B} = {1FB17A74-A7A9-4975-AA6C-142A05932DEE}
		{E87ADB99-E61F-46FF-8296-6B0CE0119054} = {E3664DB1-B781-443A-9B9D-96178C5F6E5B}
		{3D4208DF-6BA6-48BA-B598-B7340726096D} = {E3664DB1-B781-443A-9B9D-96178C5F6E5B}
		{48B47B78-FF80-413B-8BE1-49DAF45C7001} = {E3664DB1-B781-443A-9B9D-96178C5F6E5B}
		{B5DF12CE-72BC-47C5-B19A-F3FE8E0E9A13} = {E3664DB1-B781-443A-9B9D-96178C5F6E5B}
		{F91CD7FA-EAE0-483D-BF92-A2719FC90F09} = {0746ADBA-AF3B-4FA2-BA78-C4C475F6C6C1}
	EndGlobalSection
	GlobalSection(ProjectConfigurationPlatforms) = postSolution
		{2BDD4BD5-2674-474C-88E4-37CDE1C53491}.Debug|Any CPU.ActiveCfg = Debug|Any CPU
		{2BDD4BD5-2674-474C-88E4-37CDE1C53491}.Debug|Any CPU.Build.0 = Debug|Any CPU
		{2BDD4BD5-2674-474C-88E4-37CDE1C53491}.Release|Any CPU.ActiveCfg = Release|Any CPU
		{2BDD4BD5-2674-474C-88E4-37CDE1C53491}.Release|Any CPU.Build.0 = Release|Any CPU
		{681E0004-B7E5-4208-A565-C61FB7BD02ED}.Debug|Any CPU.ActiveCfg = Debug|Any CPU
		{681E0004-B7E5-4208-A565-C61FB7BD02ED}.Debug|Any CPU.Build.0 = Debug|Any CPU
		{681E0004-B7E5-4208-A565-C61FB7BD02ED}.Release|Any CPU.ActiveCfg = Release|Any CPU
		{681E0004-B7E5-4208-A565-C61FB7BD02ED}.Release|Any CPU.Build.0 = Release|Any CPU
		{BB058CC2-C785-4882-A56C-10FDEF3FA0F1}.Debug|Any CPU.ActiveCfg = Debug|Any CPU
		{BB058CC2-C785-4882-A56C-10FDEF3FA0F1}.Debug|Any CPU.Build.0 = Debug|Any CPU
		{BB058CC2-C785-4882-A56C-10FDEF3FA0F1}.Release|Any CPU.ActiveCfg = Release|Any CPU
		{BB058CC2-C785-4882-A56C-10FDEF3FA0F1}.Release|Any CPU.Build.0 = Release|Any CPU
		{8ED0AAE2-C738-4006-ACB6-006AC8550681}.Debug|Any CPU.ActiveCfg = Debug|Any CPU
		{8ED0AAE2-C738-4006-ACB6-006AC8550681}.Debug|Any CPU.Build.0 = Debug|Any CPU
		{8ED0AAE2-C738-4006-ACB6-006AC8550681}.Release|Any CPU.ActiveCfg = Release|Any CPU
		{8ED0AAE2-C738-4006-ACB6-006AC8550681}.Release|Any CPU.Build.0 = Release|Any CPU
		{554A1CF5-9E11-4CDC-95E3-55C920573532}.Debug|Any CPU.ActiveCfg = Debug|Any CPU
		{554A1CF5-9E11-4CDC-95E3-55C920573532}.Debug|Any CPU.Build.0 = Debug|Any CPU
		{554A1CF5-9E11-4CDC-95E3-55C920573532}.Release|Any CPU.ActiveCfg = Release|Any CPU
		{554A1CF5-9E11-4CDC-95E3-55C920573532}.Release|Any CPU.Build.0 = Release|Any CPU
		{E87ADB99-E61F-46FF-8296-6B0CE0119054}.Debug|Any CPU.ActiveCfg = Debug|Any CPU
		{E87ADB99-E61F-46FF-8296-6B0CE0119054}.Debug|Any CPU.Build.0 = Debug|Any CPU
		{E87ADB99-E61F-46FF-8296-6B0CE0119054}.Release|Any CPU.ActiveCfg = Release|Any CPU
		{E87ADB99-E61F-46FF-8296-6B0CE0119054}.Release|Any CPU.Build.0 = Release|Any CPU
		{3D4208DF-6BA6-48BA-B598-B7340726096D}.Debug|Any CPU.ActiveCfg = Debug|Any CPU
		{3D4208DF-6BA6-48BA-B598-B7340726096D}.Debug|Any CPU.Build.0 = Debug|Any CPU
		{3D4208DF-6BA6-48BA-B598-B7340726096D}.Release|Any CPU.ActiveCfg = Release|Any CPU
		{3D4208DF-6BA6-48BA-B598-B7340726096D}.Release|Any CPU.Build.0 = Release|Any CPU
		{48B47B78-FF80-413B-8BE1-49DAF45C7001}.Debug|Any CPU.ActiveCfg = Debug|Any CPU
		{48B47B78-FF80-413B-8BE1-49DAF45C7001}.Debug|Any CPU.Build.0 = Debug|Any CPU
		{48B47B78-FF80-413B-8BE1-49DAF45C7001}.Release|Any CPU.ActiveCfg = Release|Any CPU
		{48B47B78-FF80-413B-8BE1-49DAF45C7001}.Release|Any CPU.Build.0 = Release|Any CPU
		{EE652B47-C980-466C-80BE-5B1E54CA9592}.Debug|Any CPU.ActiveCfg = Debug|Any CPU
		{EE652B47-C980-466C-80BE-5B1E54CA9592}.Debug|Any CPU.Build.0 = Debug|Any CPU
		{EE652B47-C980-466C-80BE-5B1E54CA9592}.Release|Any CPU.ActiveCfg = Release|Any CPU
		{EE652B47-C980-466C-80BE-5B1E54CA9592}.Release|Any CPU.Build.0 = Release|Any CPU
		{B5DF12CE-72BC-47C5-B19A-F3FE8E0E9A13}.Debug|Any CPU.ActiveCfg = Debug|Any CPU
		{B5DF12CE-72BC-47C5-B19A-F3FE8E0E9A13}.Debug|Any CPU.Build.0 = Debug|Any CPU
		{B5DF12CE-72BC-47C5-B19A-F3FE8E0E9A13}.Release|Any CPU.ActiveCfg = Release|Any CPU
		{B5DF12CE-72BC-47C5-B19A-F3FE8E0E9A13}.Release|Any CPU.Build.0 = Release|Any CPU
		{F91CD7FA-EAE0-483D-BF92-A2719FC90F09}.Debug|Any CPU.ActiveCfg = Debug|Any CPU
		{F91CD7FA-EAE0-483D-BF92-A2719FC90F09}.Debug|Any CPU.Build.0 = Debug|Any CPU
		{F91CD7FA-EAE0-483D-BF92-A2719FC90F09}.Release|Any CPU.ActiveCfg = Release|Any CPU
		{F91CD7FA-EAE0-483D-BF92-A2719FC90F09}.Release|Any CPU.Build.0 = Release|Any CPU
	EndGlobalSection
EndGlobal
